
Microsoft Visual Studio Solution File, Format Version 12.00
# Visual Studio Version 16
VisualStudioVersion = 16.0.29306.81
MinimumVisualStudioVersion = 10.0.40219.1
Project("{FAE04EC0-301F-11D3-BF4B-00C04F79EFBC}") = "MS10", "MS10\MS10.csproj", "{194F7D80-20AF-4463-A314-ED2B25FE0CAD}"
EndProject
Global
	GlobalSection(SolutionConfigurationPlatforms) = preSolution
		Debug|Any CPU = Debug|Any CPU
		Release|Any CPU = Release|Any CPU
	EndGlobalSection
	GlobalSection(ProjectConfigurationPlatforms) = postSolution
		{194F7D80-20AF-4463-A314-ED2B25FE0CAD}.Debug|Any CPU.ActiveCfg = Debug|Any CPU
		{194F7D80-20AF-4463-A314-ED2B25FE0CAD}.Debug|Any CPU.Build.0 = Debug|Any CPU
		{194F7D80-20AF-4463-A314-ED2B25FE0CAD}.Release|Any CPU.ActiveCfg = Release|Any CPU
		{194F7D80-20AF-4463-A314-ED2B25FE0CAD}.Release|Any CPU.Build.0 = Release|Any CPU
	EndGlobalSection
	GlobalSection(SolutionProperties) = preSolution
		HideSolutionNode = FALSE
	EndGlobalSection
	GlobalSection(ExtensibilityGlobals) = postSolution
		SolutionGuid = {D6E71645-14BE-459B-BAFD-9AD304CCD5D1}
	EndGlobalSection
EndGlobal
